
Microsoft Visual Studio Solution File, Format Version 12.00
# Visual Studio Version 16
VisualStudioVersion = 16.0.30204.135
MinimumVisualStudioVersion = 10.0.40219.1
Project("{FAE04EC0-301F-11D3-BF4B-00C04F79EFBC}") = "TabloidMVC", "TabloidMVC\TabloidMVC.csproj", "{81164C4B-C151-4F3D-8462-06056DB0478E}"
EndProject
Global
	GlobalSection(SolutionConfigurationPlatforms) = preSolution
		Debug|Any CPU = Debug|Any CPU
		Release|Any CPU = Release|Any CPU
	EndGlobalSection
	GlobalSection(ProjectConfigurationPlatforms) = postSolution
		{81164C4B-C151-4F3D-8462-06056DB0478E}.Debug|Any CPU.ActiveCfg = Debug|Any CPU
		{81164C4B-C151-4F3D-8462-06056DB0478E}.Debug|Any CPU.Build.0 = Debug|Any CPU
		{81164C4B-C151-4F3D-8462-06056DB0478E}.Release|Any CPU.ActiveCfg = Release|Any CPU
		{81164C4B-C151-4F3D-8462-06056DB0478E}.Release|Any CPU.Build.0 = Release|Any CPU
	EndGlobalSection
	GlobalSection(SolutionProperties) = preSolution
		HideSolutionNode = FALSE
	EndGlobalSection
	GlobalSection(ExtensibilityGlobals) = postSolution
		SolutionGuid = {E18A382C-7A95-44CC-A9BA-AAC22A8574C0}
	EndGlobalSection
EndGlobal
